<?xml version="1.0" encoding="utf-8"?>
<Project ToolsVersion="4.0" xmlns="http://schemas.microsoft.com/developer/msbuild/2003">
  <ItemGroup>
    <ClCompile Include="Game\Scripts\hud\BuildingButton.cpp">
      <Filter>Source Files</Filter>
    </ClCompile>
    <ClCompile Include="Game\Scripts\BuildingController.cpp">
      <Filter>Source Files</Filter>
    </ClCompile>
    <ClCompile Include="Game\Scripts\hud\BuildingHUD.cpp">
      <Filter>Source Files</Filter>
    </ClCompile>
    <ClCompile Include="Game\Scripts\BuildingManager.cpp">
      <Filter>Source Files</Filter>
    </ClCompile>
    <ClCompile Include="Game\Scripts\hud\ButtonWidget.cpp">
      <Filter>Source Files</Filter>
    </ClCompile>
    <ClCompile Include="Game\Scripts\CameraController.cpp">
      <Filter>Source Files</Filter>
    </ClCompile>
    <ClCompile Include="Game\Scripts\Contract.cpp">
      <Filter>Source Files</Filter>
    </ClCompile>
    <ClCompile Include="Game\Scripts\hud\ContractHUD.cpp">
      <Filter>Source Files</Filter>
    </ClCompile>
    <ClCompile Include="Game\Scripts\hud\ContractHUDElement.cpp">
      <Filter>Source Files</Filter>
    </ClCompile>
    <ClCompile Include="Game\Scripts\ContractManager.cpp">
      <Filter>Source Files</Filter>
    </ClCompile>
    <ClCompile Include="Game\Scripts\Drone.cpp">
      <Filter>Source Files</Filter>
    </ClCompile>
    <ClCompile Include="Game\Scripts\GameManager.cpp">
      <Filter>Source Files</Filter>
    </ClCompile>
    <ClCompile Include="Game\Scripts\Hub.cpp">
      <Filter>Source Files</Filter>
    </ClCompile>
    <ClCompile Include="Game\Scripts\DroneProducer.cpp">
      <Filter>Source Files</Filter>
    </ClCompile>
    <ClCompile Include="Game\Scripts\hud\InventoryHUD.cpp">
      <Filter>Source Files</Filter>
    </ClCompile>
    <ClCompile Include="Game\Scripts\hud\InventoryHUDElement.cpp">
      <Filter>Source Files</Filter>
    </ClCompile>
    <ClCompile Include="Game\Scripts\test\InventoryPopulator.cpp">
      <Filter>Source Files</Filter>
    </ClCompile>
    <ClCompile Include="Game\Scripts\ObjectPlacer.cpp">
      <Filter>Source Files</Filter>
    </ClCompile>
    <ClCompile Include="Game\Scripts\PlayerActions.cpp">
      <Filter>Source Files</Filter>
    </ClCompile>
    <ClCompile Include="Game\Scripts\PlayerEconomy.cpp">
      <Filter>Source Files</Filter>
    </ClCompile>
    <ClCompile Include="Game\Scripts\Production.cpp">
      <Filter>Source Files</Filter>
    </ClCompile>
    <ClCompile Include="Game\Scripts\ProjectM.cpp">
      <Filter>Source Files</Filter>
    </ClCompile>
    <ClCompile Include="Game\Scripts\ResourceManager.cpp">
      <Filter>Source Files</Filter>
    </ClCompile>
    <ClCompile Include="Game\Scripts\Resources.cpp">
      <Filter>Source Files</Filter>
    </ClCompile>
    <ClCompile Include="Game\Scripts\Structure.cpp">
      <Filter>Source Files</Filter>
    </ClCompile>
    <ClCompile Include="Game\Scripts\TerrainCollisionHelper.cpp">
      <Filter>Source Files</Filter>
    </ClCompile>
    <ClCompile Include="Game\Scripts\Warehouse.cpp">
      <Filter>Source Files</Filter>
    </ClCompile>
    <ClCompile Include="Game\Scripts\Billboard.cpp">
      <Filter>Source Files</Filter>
    </ClCompile>
    <ClCompile Include="Game\Scripts\hud\PlayerEconHUDElement.cpp">
      <Filter>Source Files</Filter>
    </ClCompile>
    <ClCompile Include="Game\Scripts\PlayerEconManager.cpp">
      <Filter>Source Files</Filter>
    </ClCompile>
    <ClCompile Include="Game\Scripts\hud\AnimatedButton.cpp">
      <Filter>Source Files</Filter>
    </ClCompile>
    <ClCompile Include="Game\Scripts\BuildingProductionAnims.cpp">
      <Filter>Source Files</Filter>
    </ClCompile>
    <ClCompile Include="Game\Scripts\BuildingSpawnAnim.cpp">
      <Filter>Source Files</Filter>
    </ClCompile>
    <ClCompile Include="Game\Scripts\hud\MainHUD.cpp">
      <Filter>Source Files</Filter>
    </ClCompile>
    <ClCompile Include="Game\Scripts\PlayerEconManager.cpp">
      <Filter>Source Files</Filter>
    </ClCompile>
    <ClCompile Include="Game\Scripts\PlayerEconManager.cpp" />
    <ClCompile Include="Game\Scripts\hud\ProductionHUD.cpp">
      <Filter>Source Files</Filter>
    </ClCompile>
    <ClCompile Include="Game\Scripts\hud\ProductionHUDElement.cpp">
      <Filter>Source Files</Filter>
    </ClCompile>
    <ClCompile Include="Game\Scripts\hud\ProductionButton.cpp">
      <Filter>Source Files</Filter>
    </ClCompile>
    <ClCompile Include="Game\Scripts\hud\ProductionSetterButton.cpp">
      <Filter>Source Files</Filter>
    </ClCompile>
    <ClCompile Include="Game\Scripts\hud\BuildingListGroupElement.cpp">
      <Filter>Source Files</Filter>
    </ClCompile>
    <ClCompile Include="Game\Scripts\hud\BuildingSelectorButton.cpp">
      <Filter>Source Files</Filter>
    </ClCompile>
    <ClCompile Include="Game\Scripts\hud\PlayerEconHUD.cpp">
      <Filter>Source Files</Filter>
    </ClCompile>
    <ClCompile Include="Game\Scripts\InventoryV2.cpp">
      <Filter>Source Files</Filter>
    </ClCompile>
    <ClCompile Include="Game\Scripts\InventoryWrapper.cpp">
      <Filter>Source Files</Filter>
    </ClCompile>
    <ClCompile Include="Game\Scripts\task_system\TaskManager.cpp">
      <Filter>Source Files</Filter>
    </ClCompile>
    <ClCompile Include="Game\Scripts\hud\WidgetToggleButton.cpp">
      <Filter>Source Files</Filter>
    </ClCompile>
    <ClCompile Include="Game\Scripts\task_system\Task.cpp">
      <Filter>Source Files</Filter>
    </ClCompile>
    <ClCompile Include="Game\Scripts\task_system\drones\DroneController.cpp">
      <Filter>Source Files</Filter>
    </ClCompile>
    <ClCompile Include="Game\Scripts\Inventory.cpp">
      <Filter>Source Files</Filter>
    </ClCompile>
    <ClCompile Include="Game\Scripts\hud\HUDInventorySlot.cpp">
      <Filter>Source Files</Filter>
    </ClCompile>
    <ClCompile Include="Game\Scripts\LocalMarket.cpp">
      <Filter>Source Files</Filter>
    </ClCompile>
    <ClCompile Include="Game\Scripts\hud\MarketHUD.cpp">
      <Filter>Source Files</Filter>
    </ClCompile>
    <ClCompile Include="Game\Scripts\hud\MarketHudElement.cpp">
      <Filter>Source Files</Filter>
    </ClCompile>
    <ClCompile Include="Game\Scripts\hud\FunctionPtrButton.cpp">
      <Filter>Source Files</Filter>
    </ClCompile>
    <ClCompile Include="Game\Scripts\MarketManager.cpp">
      <Filter>Source Files</Filter>
    </ClCompile>
    <ClCompile Include="Game\Scripts\hud\HubHUD.cpp">
      <Filter>Source Files</Filter>
    </ClCompile>
    <ClCompile Include="Game\Scripts\hud\ProductionResourceButton.cpp">
      <Filter>Source Files</Filter>
    </ClCompile>
  </ItemGroup>
  <ItemGroup>
    <ClInclude Include="Game\Scripts\BuildingController.h">
      <Filter>Header Files</Filter>
    </ClInclude>
    <ClInclude Include="Game\Scripts\hud\BuildingButton.h">
      <Filter>Header Files</Filter>
    </ClInclude>
    <ClInclude Include="Game\Scripts\hud\BuildingHUD.h">
      <Filter>Header Files</Filter>
    </ClInclude>
    <ClInclude Include="Game\Scripts\BuildingManager.h">
      <Filter>Header Files</Filter>
    </ClInclude>
    <ClInclude Include="Game\Scripts\hud\ButtonWidget.h">
      <Filter>Header Files</Filter>
    </ClInclude>
    <ClInclude Include="Game\Scripts\CameraController.h">
      <Filter>Header Files</Filter>
    </ClInclude>
    <ClInclude Include="Game\Scripts\hud\ContractHUD.h">
      <Filter>Header Files</Filter>
    </ClInclude>
    <ClInclude Include="Game\Scripts\Contract.h">
      <Filter>Header Files</Filter>
    </ClInclude>
    <ClInclude Include="Game\Scripts\hud\ContractHUDElement.h">
      <Filter>Header Files</Filter>
    </ClInclude>
    <ClInclude Include="Game\Scripts\ContractManager.h">
      <Filter>Header Files</Filter>
    </ClInclude>
    <ClInclude Include="Game\Scripts\Drone.h">
      <Filter>Header Files</Filter>
    </ClInclude>
    <ClInclude Include="Game\Scripts\DroneProducer.h">
      <Filter>Header Files</Filter>
    </ClInclude>
    <ClInclude Include="Game\Scripts\GameManager.h">
      <Filter>Header Files</Filter>
    </ClInclude>
    <ClInclude Include="Game\Scripts\Hub.h">
      <Filter>Header Files</Filter>
    </ClInclude>
    <ClInclude Include="Game\Scripts\hud\InventoryHUD.h">
      <Filter>Header Files</Filter>
    </ClInclude>
    <ClInclude Include="Game\Scripts\hud\InventoryHUDElement.h">
      <Filter>Header Files</Filter>
    </ClInclude>
    <ClInclude Include="Game\Scripts\test\InventoryPopulator.h">
      <Filter>Header Files</Filter>
    </ClInclude>
    <ClInclude Include="Game\Scripts\ObjectPlacer.h">
      <Filter>Header Files</Filter>
    </ClInclude>
    <ClInclude Include="Game\Scripts\PlayerActions.h">
      <Filter>Header Files</Filter>
    </ClInclude>
    <ClInclude Include="Game\Scripts\PlayerEconomy.h">
      <Filter>Header Files</Filter>
    </ClInclude>
    <ClInclude Include="Game\Scripts\Production.h">
      <Filter>Header Files</Filter>
    </ClInclude>
    <ClInclude Include="Game\Scripts\ResourceManager.h">
      <Filter>Header Files</Filter>
    </ClInclude>
    <ClInclude Include="Game\Scripts\Resources.h">
      <Filter>Header Files</Filter>
    </ClInclude>
    <ClInclude Include="Game\Scripts\Structure.h">
      <Filter>Header Files</Filter>
    </ClInclude>
    <ClInclude Include="Game\Scripts\TerrainCollisionHelper.h">
      <Filter>Header Files</Filter>
    </ClInclude>
    <ClInclude Include="Game\Scripts\Warehouse.h">
      <Filter>Header Files</Filter>
    </ClInclude>
    <ClInclude Include="Game\Scripts\Billboard.h">
      <Filter>Header Files</Filter>
    </ClInclude>
    <ClInclude Include="Game\Scripts\BuildingSpawnAnim.h">
      <Filter>Header Files</Filter>
    </ClInclude>
    <ClInclude Include="Game\Scripts\BuildingProductionAnims.h">
      <Filter>Header Files</Filter>
    </ClInclude>
    <ClInclude Include="Game\Scripts\hud\PlayerEconHUDElement.h">
      <Filter>Header Files</Filter>
    </ClInclude>
    <ClInclude Include="Game\Scripts\PlayerEconManager.h">
      <Filter>Header Files</Filter>
    </ClInclude>
    <ClInclude Include="Game\Scripts\hud\ProductionHUD.h">
      <Filter>Header Files</Filter>
    </ClInclude>
    <ClInclude Include="Game\Scripts\hud\ProductionHUDElement.h">
      <Filter>Header Files</Filter>
    </ClInclude>
    <ClInclude Include="Game\Scripts\hud\ProductionButton.h">
      <Filter>Header Files</Filter>
    </ClInclude>
    <ClInclude Include="Game\Scripts\hud\ProductionSetterButton.h">
      <Filter>Header Files</Filter>
    </ClInclude>
    <ClInclude Include="Game\Scripts\hud\MainHUD.h">
      <Filter>Header Files</Filter>
    </ClInclude>
    <ClInclude Include="Game\Scripts\hud\AnimatedButton.h">
      <Filter>Header Files</Filter>
    </ClInclude>
    <ClInclude Include="Game\Scripts\hud\BuildingListGroupElement.h">
      <Filter>Header Files</Filter>
    </ClInclude>
    <ClInclude Include="Game\Scripts\hud\BuildingSelectorButton.h">
      <Filter>Header Files</Filter>
    </ClInclude>
    <ClInclude Include="Game\Scripts\hud\WidgetToggleButton.h">
      <Filter>Header Files</Filter>
    </ClInclude>
    <ClInclude Include="Game\Scripts\InventoryV2.h">
      <Filter>Header Files</Filter>
    </ClInclude>
    <ClInclude Include="Game\Scripts\InventoryWrapper.h">
      <Filter>Header Files</Filter>
    </ClInclude>
    <ClInclude Include="Game\Scripts\LocalMarket.h">
      <Filter>Header Files</Filter>
    </ClInclude>
    <ClInclude Include="Game\Scripts\task_system\Task.h">
      <Filter>Header Files</Filter>
    </ClInclude>
    <ClInclude Include="Game\Scripts\task_system\TaskManager.h">
      <Filter>Header Files</Filter>
    </ClInclude>
    <ClInclude Include="Game\Scripts\hud\PlayerEconHUD.h">
      <Filter>Source Files</Filter>
    </ClInclude>
    <ClInclude Include="Game\Scripts\task_system\drones\DroneController.h">
      <Filter>Header Files</Filter>
    </ClInclude>
    <ClInclude Include="Game\Scripts\Inventory.h">
      <Filter>Header Files</Filter>
    </ClInclude>
    <ClInclude Include="Game\Scripts\hud\HUDInventorySlot.h">
      <Filter>Header Files</Filter>
    </ClInclude>
    <ClInclude Include="Game\Scripts\hud\HubHUD.h">
      <Filter>Header Files</Filter>
    </ClInclude>
    <ClInclude Include="Game\Scripts\hud\FunctionPtrButton.h">
      <Filter>Header Files</Filter>
    </ClInclude>
    <ClInclude Include="Game\Scripts\hud\PlayerEconHUD.h" />
    <ClInclude Include="Game\Scripts\MarketManager.h">
      <Filter>Header Files</Filter>
    </ClInclude>
    <ClInclude Include="Game\Scripts\hud\MarketHUD.h">
      <Filter>Header Files</Filter>
    </ClInclude>
    <ClInclude Include="Game\Scripts\hud\MarketHudElement.h">
      <Filter>Header Files</Filter>
    </ClInclude>
    <ClInclude Include="Game\Scripts\hud\ProductionResourceButton.h">
      <Filter>Source Files</Filter>
    </ClInclude>
  </ItemGroup>
  <ItemGroup>
    <Filter Include="Source Files">
      <UniqueIdentifier>{5fbe914c-8407-4ce2-b65f-c596d9eeba69}</UniqueIdentifier>
    </Filter>
    <Filter Include="Header Files">
      <UniqueIdentifier>{bd7c347f-28f2-4c70-942e-4598d244dd78}</UniqueIdentifier>
    </Filter>
  </ItemGroup>
</Project>