<?xml version="1.0" encoding="utf-8"?>
<Project ToolsVersion="4.0" xmlns="http://schemas.microsoft.com/developer/msbuild/2003">
  <ItemGroup>
    <ClCompile Include="Game\Scripts\BuildingController.cpp" />
    <ClCompile Include="Game\Scripts\BuildingManager.cpp" />
    <ClCompile Include="Game\Scripts\CameraController.cpp" />
    <ClCompile Include="Game\Scripts\GameManager.cpp" />
    <ClCompile Include="Game\Scripts\hud\ContractHUD.cpp" />
    <ClCompile Include="Game\Scripts\hud\BuildingButton.cpp" />
    <ClCompile Include="Game\Scripts\hud\BuildingHUD.cpp" />
    <ClCompile Include="Game\Scripts\hud\ButtonWidget.cpp" />
    <ClCompile Include="Game\Scripts\hud\ContractHUDElement.cpp" />
    <ClCompile Include="Game\Scripts\Inventory.cpp" />
    <ClCompile Include="Game\Scripts\ObjectPlacer.cpp" />
    <ClCompile Include="Game\Scripts\Production.cpp" />
    <ClCompile Include="Game\Scripts\ProjectM.cpp" />
    <ClCompile Include="Game\Scripts\Structure.cpp" />
    <ClCompile Include="Game\Scripts\TerrainCollisionHelper.cpp" />
    <ClCompile Include="Game\Scripts\Warehouse.cpp" />
    <ClCompile Include="Game\Scripts\Contract.cpp" />
    <ClCompile Include="Game\Scripts\ContractManager.cpp" />
    <ClCompile Include="Game\Scripts\PlayerEconomy.cpp" />
    <ClCompile Include="Game\Scripts\ResourceManager.cpp" />
    <ClCompile Include="Game\Scripts\Resources.cpp" />
    <ClCompile Include="Game\Scripts\hud\InventoryHUD.cpp" />
    <ClCompile Include="Game\Scripts\hud\InventoryHUDElement.cpp" />
  </ItemGroup>
  <ItemGroup>
    <ClInclude Include="Game\Scripts\BuildingController.h" />
    <ClInclude Include="Game\Scripts\BuildingManager.h" />
    <ClInclude Include="Game\Scripts\CameraController.h" />
    <ClInclude Include="Game\Scripts\GameManager.h" />
    <ClInclude Include="Game\Scripts\hud\ContractHUD.h" />
    <ClInclude Include="Game\Scripts\hud\BuildingButton.h" />
    <ClInclude Include="Game\Scripts\hud\BuildingHUD.h" />
    <ClInclude Include="Game\Scripts\hud\ButtonWidget.h" />
    <ClInclude Include="Game\Scripts\hud\ContractHUDElement.h" />
    <ClInclude Include="Game\Scripts\Inventory.h" />
    <ClInclude Include="Game\Scripts\ObjectPlacer.h" />
    <ClInclude Include="Game\Scripts\Production.h" />
    <ClInclude Include="Game\Scripts\Structure.h" />
    <ClInclude Include="Game\Scripts\TerrainCollisionHelper.h" />
    <ClInclude Include="Game\Scripts\Warehouse.h" />
    <ClInclude Include="Game\Scripts\Contract.h" />
    <ClInclude Include="Game\Scripts\ContractManager.h" />
    <ClInclude Include="Game\Scripts\PlayerEconomy.h" />
    <ClInclude Include="Game\Scripts\ResourceManager.h" />
    <ClInclude Include="Game\Scripts\Resources.h" />
    <ClInclude Include="Game\Scripts\hud\InventoryHUD.h" />
    <ClInclude Include="Game\Scripts\hud\InventoryHUDElement.h" />
  </ItemGroup>
</Project>