<?xml version="1.0" encoding="utf-8"?>
<Project ToolsVersion="4.0" xmlns="http://schemas.microsoft.com/developer/msbuild/2003">
  <ItemGroup>
    <ClCompile Include="Game\Scripts\Billboard.cpp" />
    <ClCompile Include="Game\Scripts\BuildingController.cpp" />
    <ClCompile Include="Game\Scripts\BuildingManager.cpp" />
    <ClCompile Include="Game\Scripts\BuildingProductionAnims.cpp" />
    <ClCompile Include="Game\Scripts\BuildingSpawnAnim.cpp" />
    <ClCompile Include="Game\Scripts\CameraController.cpp" />
    <ClCompile Include="Game\Scripts\Dock.cpp" />
    <ClCompile Include="Game\Scripts\Drone.cpp" />
    <ClCompile Include="Game\Scripts\DroneProducer.cpp" />
    <ClCompile Include="Game\Scripts\GameManager.cpp" />
    <ClCompile Include="Game\Scripts\Hub.cpp" />
    <ClCompile Include="Game\Scripts\hud\AnimatedButton.cpp" />
    <ClCompile Include="Game\Scripts\hud\BuildingListGroupElement.cpp" />
    <ClCompile Include="Game\Scripts\hud\BuildingSelectorButton.cpp" />
    <ClCompile Include="Game\Scripts\hud\ContractHUD.cpp" />
    <ClCompile Include="Game\Scripts\hud\BuildingButton.cpp" />
    <ClCompile Include="Game\Scripts\hud\BuildingHUD.cpp" />
    <ClCompile Include="Game\Scripts\hud\ButtonWidget.cpp" />
    <ClCompile Include="Game\Scripts\hud\ContractHUDElement.cpp" />
    <ClCompile Include="Game\Scripts\hud\FunctionPtrButton.cpp" />
    <ClCompile Include="Game\Scripts\hud\HubHUD.cpp" />
    <ClCompile Include="Game\Scripts\hud\HUDInventorySlot.cpp" />
    <ClCompile Include="Game\Scripts\hud\InventoryHUD.cpp" />
    <ClCompile Include="Game\Scripts\hud\InventoryHUDElement.cpp" />
    <ClCompile Include="Game\Scripts\hud\MainHUD.cpp" />
    <ClCompile Include="Game\Scripts\hud\MarketHUD.cpp" />
    <ClCompile Include="Game\Scripts\hud\MarketHudElement.cpp" />
    <ClCompile Include="Game\Scripts\hud\PlayerEconHUD.cpp" />
    <ClCompile Include="Game\Scripts\hud\PlayerEconHUDElement.cpp" />
    <ClCompile Include="Game\Scripts\hud\ProductionButton.cpp" />
    <ClCompile Include="Game\Scripts\hud\ProductionHUD.cpp" />
    <ClCompile Include="Game\Scripts\hud\ProductionHUDElement.cpp" />
    <ClCompile Include="Game\Scripts\hud\ProductionResourceButton.cpp" />
    <ClCompile Include="Game\Scripts\hud\ProductionSetterButton.cpp" />
    <ClCompile Include="Game\Scripts\hud\WidgetToggleButton.cpp" />
    <ClCompile Include="Game\Scripts\Inventory.cpp" />
    <ClCompile Include="Game\Scripts\InventoryV2.cpp" />
    <ClCompile Include="Game\Scripts\InventoryWrapper.cpp" />
    <ClCompile Include="Game\Scripts\LocalMarket.cpp" />
    <ClCompile Include="Game\Scripts\MarketManager.cpp" />
    <ClCompile Include="Game\Scripts\ObjectPlacer.cpp" />
    <ClCompile Include="Game\Scripts\PlayerActions.cpp" />
    <ClCompile Include="Game\Scripts\PlayerEconManager.cpp" />
    <ClCompile Include="Game\Scripts\Production.cpp" />
    <ClCompile Include="Game\Scripts\ProjectM.cpp" />
    <ClCompile Include="Game\Scripts\Structure.cpp" />
    <ClCompile Include="Game\Scripts\task_system\drones\AbstractDroneBehaviour.cpp" />
    <ClCompile Include="Game\Scripts\task_system\drones\CollectBehaviour.cpp" />
    <ClCompile Include="Game\Scripts\task_system\drones\DeliverBehaviour.cpp" />
    <ClCompile Include="Game\Scripts\task_system\drones\DroneController.cpp" />
    <ClCompile Include="Game\Scripts\task_system\drones\GoToBehaviour.cpp" />
    <ClCompile Include="Game\Scripts\task_system\Task.cpp" />
    <ClCompile Include="Game\Scripts\task_system\TaskManager.cpp" />
    <ClCompile Include="Game\Scripts\TerrainCollisionHelper.cpp" />
    <ClCompile Include="Game\Scripts\test\InventoryPopulator.cpp" />
    <ClCompile Include="Game\Scripts\TradeShipSpawner.cpp" />
    <ClCompile Include="Game\Scripts\Warehouse.cpp" />
    <ClCompile Include="Game\Scripts\Contract.cpp" />
    <ClCompile Include="Game\Scripts\ContractManager.cpp" />
    <ClCompile Include="Game\Scripts\PlayerEconomy.cpp" />
    <ClCompile Include="Game\Scripts\ResourceManager.cpp" />
    <ClCompile Include="Game\Scripts\Resources.cpp" />
  </ItemGroup>
  <ItemGroup>
    <ClInclude Include="Game\Scripts\Billboard.h" />
    <ClInclude Include="Game\Scripts\BuildingController.h" />
    <ClInclude Include="Game\Scripts\BuildingManager.h" />
    <ClInclude Include="Game\Scripts\BuildingProductionAnims.h" />
    <ClInclude Include="Game\Scripts\BuildingSpawnAnim.h" />
    <ClInclude Include="Game\Scripts\CameraController.h" />
    <ClInclude Include="Game\Scripts\Dock.h" />
    <ClInclude Include="Game\Scripts\Drone.h" />
    <ClInclude Include="Game\Scripts\DroneProducer.h" />
    <ClInclude Include="Game\Scripts\GameManager.h" />
    <ClInclude Include="Game\Scripts\Hub.h" />
    <ClInclude Include="Game\Scripts\hud\AnimatedButton.h" />
    <ClInclude Include="Game\Scripts\hud\BuildingListGroupElement.h" />
    <ClInclude Include="Game\Scripts\hud\BuildingSelectorButton.h" />
    <ClInclude Include="Game\Scripts\hud\ContractHUD.h" />
    <ClInclude Include="Game\Scripts\hud\BuildingButton.h" />
    <ClInclude Include="Game\Scripts\hud\BuildingHUD.h" />
    <ClInclude Include="Game\Scripts\hud\ButtonWidget.h" />
    <ClInclude Include="Game\Scripts\hud\ContractHUDElement.h" />
    <ClInclude Include="Game\Scripts\hud\FunctionPtrButton.h" />
    <ClInclude Include="Game\Scripts\hud\HubHUD.h" />
    <ClInclude Include="Game\Scripts\hud\HUDInventorySlot.h" />
    <ClInclude Include="Game\Scripts\hud\InventoryHUD.h" />
    <ClInclude Include="Game\Scripts\hud\InventoryHUDElement.h" />
    <ClInclude Include="Game\Scripts\hud\MainHUD.h" />
    <ClInclude Include="Game\Scripts\hud\MarketHUD.h" />
    <ClInclude Include="Game\Scripts\hud\MarketHudElement.h" />
    <ClInclude Include="Game\Scripts\hud\PlayerEconHUD.h" />
    <ClInclude Include="Game\Scripts\hud\PlayerEconHUDElement.h" />
    <ClInclude Include="Game\Scripts\hud\ProductionButton.h" />
    <ClInclude Include="Game\Scripts\hud\ProductionHUD.h" />
    <ClInclude Include="Game\Scripts\hud\ProductionHUDElement.h" />
    <ClInclude Include="Game\Scripts\hud\ProductionResourceButton.h" />
    <ClInclude Include="Game\Scripts\hud\ProductionSetterButton.h" />
    <ClInclude Include="Game\Scripts\hud\WidgetToggleButton.h" />
    <ClInclude Include="Game\Scripts\Inventory.h" />
    <ClInclude Include="Game\Scripts\InventoryV2.h" />
    <ClInclude Include="Game\Scripts\InventoryWrapper.h" />
    <ClInclude Include="Game\Scripts\LocalMarket.h" />
    <ClInclude Include="Game\Scripts\MarketManager.h" />
    <ClInclude Include="Game\Scripts\ObjectPlacer.h" />
    <ClInclude Include="Game\Scripts\PlayerActions.h" />
    <ClInclude Include="Game\Scripts\PlayerEconManager.h" />
    <ClInclude Include="Game\Scripts\Production.h" />
    <ClInclude Include="Game\Scripts\Structure.h" />
    <ClInclude Include="Game\Scripts\task_system\drones\AbstractDroneBehaviour.h" />
    <ClInclude Include="Game\Scripts\task_system\drones\CollectBehaviour.h" />
    <ClInclude Include="Game\Scripts\task_system\drones\DeliverBehaviour.h" />
    <ClInclude Include="Game\Scripts\task_system\drones\DroneController.h" />
    <ClInclude Include="Game\Scripts\task_system\drones\GoToBehaviour.h" />
    <ClInclude Include="Game\Scripts\task_system\Task.h" />
    <ClInclude Include="Game\Scripts\task_system\TaskManager.h" />
    <ClInclude Include="Game\Scripts\TerrainCollisionHelper.h" />
    <ClInclude Include="Game\Scripts\test\InventoryPopulator.h" />
    <ClInclude Include="Game\Scripts\TradeShipSpawner.h" />
    <ClInclude Include="Game\Scripts\Warehouse.h" />
    <ClInclude Include="Game\Scripts\Contract.h" />
    <ClInclude Include="Game\Scripts\ContractManager.h" />
    <ClInclude Include="Game\Scripts\PlayerEconomy.h" />
    <ClInclude Include="Game\Scripts\ResourceManager.h" />
    <ClInclude Include="Game\Scripts\Resources.h" />
  </ItemGroup>
</Project>